{
    "version": 3,
    "terraform_version": "0.11.10",
    "serial": 5,
    "lineage": "aad194f4-71ae-e657-1eb2-cac04f9fa24d",
    "modules": [
        {
            "path": [
                "root"
            ],
            "outputs": {
                "Endereco IP": {
                    "sensitive": false,
                    "type": "string",
                    "value": "172.17.0.2"
                },
                "Nome do Container": {
                    "sensitive": false,
                    "type": "string",
                    "value": "supermario"
                }
            },
            "resources": {
                "docker_container.container_id": {
                    "type": "docker_container",
                    "depends_on": [
                        "docker_image.image_id"
                    ],
                    "primary": {
                        "id": "729898de410bfeaa2185baf2079ef6e65b6f0d085e40275b0f4b2c659c75cc0b",
                        "attributes": {
                            "attach": "false",
                            "bridge": "",
                            "gateway": "172.17.0.1",
                            "id": "729898de410bfeaa2185baf2079ef6e65b6f0d085e40275b0f4b2c659c75cc0b",
                            "image": "sha256:49beaba1c5cc49d2fa424ac03a15b0e761f637e835c1ed4d8108cc247a9c3d62",
                            "ip_address": "172.17.0.2",
                            "ip_prefix_length": "16",
                            "log_driver": "json-file",
                            "logs": "false",
                            "must_run": "true",
                            "name": "supermario",
                            "network_data.#": "1",
                            "network_data.0.gateway": "172.17.0.1",
                            "network_data.0.ip_address": "172.17.0.2",
                            "network_data.0.ip_prefix_length": "16",
                            "network_data.0.network_name": "bridge",
                            "ports.#": "1",
                            "ports.0.external": "80",
                            "ports.0.internal": "8080",
                            "ports.0.ip": "0.0.0.0",
                            "ports.0.protocol": "tcp",
                            "restart": "no",
                            "rm": "false",
                            "start": "true"
                        },
                        "meta": {},
                        "tainted": false
                    },
                    "deposed": [],
                    "provider": "provider.docker"
                },
                "docker_image.image_id": {
                    "type": "docker_image",
                    "depends_on": [],
                    "primary": {
                        "id": "sha256:49beaba1c5cc49d2fa424ac03a15b0e761f637e835c1ed4d8108cc247a9c3d62pengbai/docker-supermario:latest",
                        "attributes": {
                            "id": "sha256:49beaba1c5cc49d2fa424ac03a15b0e761f637e835c1ed4d8108cc247a9c3d62pengbai/docker-supermario:latest",
                            "latest": "sha256:49beaba1c5cc49d2fa424ac03a15b0e761f637e835c1ed4d8108cc247a9c3d62",
                            "name": "pengbai/docker-supermario:latest"
                        },
                        "meta": {},
                        "tainted": false
                    },
                    "deposed": [],
                    "provider": "provider.docker"
                }
            },
            "depends_on": []
        }
    ]
}
